{
	"name": "tldraw-server",
	"version": "0.0.1",
	"lockfileVersion": 3,
	"requires": true,
	"packages": {
		"": {
			"name": "tldraw-server",
			"license": "AGPL-3.0",
			"dependencies": {
				"@y/redis": "github:hpi-schul-cloud/y-redis#1891d7631cd30d3f2d5c15c6e785013d4278b40e",
				"lib0": "^0.2.93",
				"uws": "github:uNetworking/uWebSockets.js#v20.40.0",
				"y-protocols": "^1.0.6"
			},
			"devDependencies": {
				"@types/express": "^4.17.21",
				"@types/node": "^20.14.11",
				"nodemon": "^3.1.4",
				"prettier": "3.3.3"
			},
			"engines": {
				"node": ">=20.0.0",
				"npm": ">=8.0.0"
			}
		},
		"node_modules/@ioredis/commands": {
			"version": "1.2.0",
			"resolved": "https://registry.npmjs.org/@ioredis/commands/-/commands-1.2.0.tgz",
			"integrity": "sha512-Sx1pU8EM64o2BrqNpEO1CNLtKQwyhuXuqyfH7oGKCk+1a33d2r5saW8zNwm3j6BTExtjrv2BxTgzzkMwts6vGg=="
		},
		"node_modules/@redis/bloom": {
			"version": "1.2.0",
			"resolved": "https://registry.npmjs.org/@redis/bloom/-/bloom-1.2.0.tgz",
			"integrity": "sha512-HG2DFjYKbpNmVXsa0keLHp/3leGJz1mjh09f2RLGGLQZzSHpkmZWuwJbAvo3QcRY8p80m5+ZdXZdYOSBLlp7Cg==",
			"peerDependencies": {
				"@redis/client": "^1.0.0"
			}
		},
		"node_modules/@redis/client": {
			"version": "1.6.0",
			"resolved": "https://registry.npmjs.org/@redis/client/-/client-1.6.0.tgz",
			"integrity": "sha512-aR0uffYI700OEEH4gYnitAnv3vzVGXCFvYfdpu/CJKvk4pHfLPEy/JSZyrpQ+15WhXe1yJRXLtfQ84s4mEXnPg==",
			"dependencies": {
				"cluster-key-slot": "1.1.2",
				"generic-pool": "3.9.0",
				"yallist": "4.0.0"
			},
			"engines": {
				"node": ">=14"
			}
		},
		"node_modules/@redis/graph": {
			"version": "1.1.1",
			"resolved": "https://registry.npmjs.org/@redis/graph/-/graph-1.1.1.tgz",
			"integrity": "sha512-FEMTcTHZozZciLRl6GiiIB4zGm5z5F3F6a6FZCyrfxdKOhFlGkiAqlexWMBzCi4DcRoyiOsuLfW+cjlGWyExOw==",
			"peerDependencies": {
				"@redis/client": "^1.0.0"
			}
		},
		"node_modules/@redis/json": {
			"version": "1.0.7",
			"resolved": "https://registry.npmjs.org/@redis/json/-/json-1.0.7.tgz",
			"integrity": "sha512-6UyXfjVaTBTJtKNG4/9Z8PSpKE6XgSyEb8iwaqDcy+uKrd/DGYHTWkUdnQDyzm727V7p21WUMhsqz5oy65kPcQ==",
			"peerDependencies": {
				"@redis/client": "^1.0.0"
			}
		},
		"node_modules/@redis/search": {
			"version": "1.2.0",
			"resolved": "https://registry.npmjs.org/@redis/search/-/search-1.2.0.tgz",
			"integrity": "sha512-tYoDBbtqOVigEDMAcTGsRlMycIIjwMCgD8eR2t0NANeQmgK/lvxNAvYyb6bZDD4frHRhIHkJu2TBRvB0ERkOmw==",
			"peerDependencies": {
				"@redis/client": "^1.0.0"
			}
		},
		"node_modules/@redis/time-series": {
			"version": "1.1.0",
			"resolved": "https://registry.npmjs.org/@redis/time-series/-/time-series-1.1.0.tgz",
			"integrity": "sha512-c1Q99M5ljsIuc4YdaCwfUEXsofakb9c8+Zse2qxTadu8TalLXuAESzLvFAvNVbkmSlvlzIQOLpBCmWI9wTOt+g==",
			"peerDependencies": {
				"@redis/client": "^1.0.0"
			}
		},
		"node_modules/@types/body-parser": {
			"version": "1.19.5",
			"resolved": "https://registry.npmjs.org/@types/body-parser/-/body-parser-1.19.5.tgz",
			"integrity": "sha512-fB3Zu92ucau0iQ0JMCFQE7b/dv8Ot07NI3KaZIkIUNXq82k4eBAqUaneXfleGY9JWskeS9y+u0nXMyspcuQrCg==",
			"dev": true,
			"dependencies": {
				"@types/connect": "*",
				"@types/node": "*"
			}
		},
		"node_modules/@types/connect": {
			"version": "3.4.38",
			"resolved": "https://registry.npmjs.org/@types/connect/-/connect-3.4.38.tgz",
			"integrity": "sha512-K6uROf1LD88uDQqJCktA4yzL1YYAK6NgfsI0v/mTgyPKWsX1CnJ0XPSDhViejru1GcRkLWb8RlzFYJRqGUbaug==",
			"dev": true,
			"dependencies": {
				"@types/node": "*"
			}
		},
		"node_modules/@types/express": {
			"version": "4.17.21",
			"resolved": "https://registry.npmjs.org/@types/express/-/express-4.17.21.tgz",
			"integrity": "sha512-ejlPM315qwLpaQlQDTjPdsUFSc6ZsP4AN6AlWnogPjQ7CVi7PYF3YVz+CY3jE2pwYf7E/7HlDAN0rV2GxTG0HQ==",
			"dev": true,
			"dependencies": {
				"@types/body-parser": "*",
				"@types/express-serve-static-core": "^4.17.33",
				"@types/qs": "*",
				"@types/serve-static": "*"
			}
		},
		"node_modules/@types/express-serve-static-core": {
			"version": "4.19.5",
			"resolved": "https://registry.npmjs.org/@types/express-serve-static-core/-/express-serve-static-core-4.19.5.tgz",
			"integrity": "sha512-y6W03tvrACO72aijJ5uF02FRq5cgDR9lUxddQ8vyF+GvmjJQqbzDcJngEjURc+ZsG31VI3hODNZJ2URj86pzmg==",
			"dev": true,
			"dependencies": {
				"@types/node": "*",
				"@types/qs": "*",
				"@types/range-parser": "*",
				"@types/send": "*"
			}
		},
		"node_modules/@types/http-errors": {
			"version": "2.0.4",
			"resolved": "https://registry.npmjs.org/@types/http-errors/-/http-errors-2.0.4.tgz",
			"integrity": "sha512-D0CFMMtydbJAegzOyHjtiKPLlvnm3iTZyZRSZoLq2mRhDdmLfIWOCYPfQJ4cu2erKghU++QvjcUjp/5h7hESpA==",
			"dev": true
		},
		"node_modules/@types/mime": {
			"version": "1.3.5",
			"resolved": "https://registry.npmjs.org/@types/mime/-/mime-1.3.5.tgz",
			"integrity": "sha512-/pyBZWSLD2n0dcHE3hq8s8ZvcETHtEuF+3E7XVt0Ig2nvsVQXdghHVcEkIWjy9A0wKfTn97a/PSDYohKIlnP/w==",
			"dev": true
		},
		"node_modules/@types/node": {
			"version": "20.14.11",
			"resolved": "https://registry.npmjs.org/@types/node/-/node-20.14.11.tgz",
			"integrity": "sha512-kprQpL8MMeszbz6ojB5/tU8PLN4kesnN8Gjzw349rDlNgsSzg90lAVj3llK99Dh7JON+t9AuscPPFW6mPbTnSA==",
			"dev": true,
			"dependencies": {
				"undici-types": "~5.26.4"
			}
		},
		"node_modules/@types/qs": {
			"version": "6.9.15",
			"resolved": "https://registry.npmjs.org/@types/qs/-/qs-6.9.15.tgz",
			"integrity": "sha512-uXHQKES6DQKKCLh441Xv/dwxOq1TVS3JPUMlEqoEglvlhR6Mxnlew/Xq/LRVHpLyk7iK3zODe1qYHIMltO7XGg==",
			"dev": true
		},
		"node_modules/@types/range-parser": {
			"version": "1.2.7",
			"resolved": "https://registry.npmjs.org/@types/range-parser/-/range-parser-1.2.7.tgz",
			"integrity": "sha512-hKormJbkJqzQGhziax5PItDUTMAM9uE2XXQmM37dyd4hVM+5aVl7oVxMVUiVQn2oCQFN/LKCZdvSM0pFRqbSmQ==",
			"dev": true
		},
		"node_modules/@types/send": {
			"version": "0.17.4",
			"resolved": "https://registry.npmjs.org/@types/send/-/send-0.17.4.tgz",
			"integrity": "sha512-x2EM6TJOybec7c52BX0ZspPodMsQUd5L6PRwOunVyVUhXiBSKf3AezDL8Dgvgt5o0UfKNfuA0eMLr2wLT4AiBA==",
			"dev": true,
			"dependencies": {
				"@types/mime": "^1",
				"@types/node": "*"
			}
		},
		"node_modules/@types/serve-static": {
			"version": "1.15.7",
			"resolved": "https://registry.npmjs.org/@types/serve-static/-/serve-static-1.15.7.tgz",
			"integrity": "sha512-W8Ym+h8nhuRwaKPaDw34QUkwsGi6Rc4yYqvKFo5rm2FUEhCFbzVWrxXUxuKK8TASjWsysJY0nsmNCGhCOIsrOw==",
			"dev": true,
			"dependencies": {
				"@types/http-errors": "*",
				"@types/node": "*",
				"@types/send": "*"
			}
		},
		"node_modules/@y/redis": {
			"version": "0.1.6",
			"resolved": "git+ssh://git@github.com/hpi-schul-cloud/y-redis.git#1891d7631cd30d3f2d5c15c6e785013d4278b40e",
			"integrity": "sha512-+ybh4xId6FwaHjrDuZ6ckhYfr/BGNr0AgumAORBjtdGO5WC3UozgBD1rxLGVPIVhe7ZGpDuJH332uhRV1fYKkA==",
			"dependencies": {
				"ioredis": "^5.4.1",
				"lib0": "^0.2.93",
				"redis": "^4.7.0",
				"uws": "github:uNetworking/uWebSockets.js#v20.40.0",
				"yjs": "^13.5.6"
			},
			"bin": {
				"y-redis-server": "bin/server.js",
				"y-redis-worker": "bin/worker.js"
			},
			"engines": {
				"node": ">=20.0.0",
				"npm": ">=8.0.0"
			},
			"funding": {
				"type": "GitHub Sponsors ❤",
				"url": "https://github.com/sponsors/dmonad"
			},
			"optionalDependencies": {
				"minio": "^7.1.3",
				"postgres": "^3.4.3"
			}
		},
		"node_modules/@zxing/text-encoding": {
			"version": "0.9.0",
			"resolved": "https://registry.npmjs.org/@zxing/text-encoding/-/text-encoding-0.9.0.tgz",
			"integrity": "sha512-U/4aVJ2mxI0aDNI8Uq0wEhMgY+u4CNtEb0om3+y3+niDAsoTCOB33UF0sxpzqzdqXLqmvc+vZyAt4O8pPdfkwA==",
			"optional": true
		},
		"node_modules/anymatch": {
			"version": "3.1.3",
			"resolved": "https://registry.npmjs.org/anymatch/-/anymatch-3.1.3.tgz",
			"integrity": "sha512-KMReFUr0B4t+D+OBkjR3KYqvocp2XaSzO55UcB6mgQMd3KbcE+mWTyvVV7D/zsdEbNnV6acZUutkiHQXvTr1Rw==",
			"dev": true,
			"dependencies": {
				"normalize-path": "^3.0.0",
				"picomatch": "^2.0.4"
			},
			"engines": {
				"node": ">= 8"
			}
		},
		"node_modules/async": {
			"version": "3.2.5",
			"resolved": "https://registry.npmjs.org/async/-/async-3.2.5.tgz",
			"integrity": "sha512-baNZyqaaLhyLVKm/DlvdW051MSgO6b8eVfIezl9E5PqWxFgzLm/wQntEW4zOytVburDEr0JlALEpdOFwvErLsg==",
			"optional": true
		},
		"node_modules/available-typed-arrays": {
			"version": "1.0.7",
			"resolved": "https://registry.npmjs.org/available-typed-arrays/-/available-typed-arrays-1.0.7.tgz",
			"integrity": "sha512-wvUjBtSGN7+7SjNpq/9M2Tg350UZD3q62IFZLbRAR1bSMlCo1ZaeW+BJ+D090e4hIIZLBcTDWe4Mh4jvUDajzQ==",
			"optional": true,
			"dependencies": {
				"possible-typed-array-names": "^1.0.0"
			},
			"engines": {
				"node": ">= 0.4"
			},
			"funding": {
				"url": "https://github.com/sponsors/ljharb"
			}
		},
		"node_modules/balanced-match": {
			"version": "1.0.2",
			"resolved": "https://registry.npmjs.org/balanced-match/-/balanced-match-1.0.2.tgz",
			"integrity": "sha512-3oSeUO0TMV67hN1AmbXsK4yaqU7tjiHlbxRDZOpH0KW9+CeX4bRAaX0Anxt0tx2MrpRpWwQaPwIlISEJhYU5Pw==",
			"dev": true
		},
		"node_modules/binary-extensions": {
			"version": "2.3.0",
			"resolved": "https://registry.npmjs.org/binary-extensions/-/binary-extensions-2.3.0.tgz",
			"integrity": "sha512-Ceh+7ox5qe7LJuLHoY0feh3pHuUDHAcRUeyL2VYghZwfpkNIy/+8Ocg0a3UuSoYzavmylwuLWQOf3hl0jjMMIw==",
			"dev": true,
			"engines": {
				"node": ">=8"
			},
			"funding": {
				"url": "https://github.com/sponsors/sindresorhus"
			}
		},
		"node_modules/block-stream2": {
			"version": "2.1.0",
			"resolved": "https://registry.npmjs.org/block-stream2/-/block-stream2-2.1.0.tgz",
			"integrity": "sha512-suhjmLI57Ewpmq00qaygS8UgEq2ly2PCItenIyhMqVjo4t4pGzqMvfgJuX8iWTeSDdfSSqS6j38fL4ToNL7Pfg==",
			"optional": true,
			"dependencies": {
				"readable-stream": "^3.4.0"
			}
		},
		"node_modules/brace-expansion": {
			"version": "1.1.11",
			"resolved": "https://registry.npmjs.org/brace-expansion/-/brace-expansion-1.1.11.tgz",
			"integrity": "sha512-iCuPHDFgrHX7H2vEI/5xpz07zSHB00TpugqhmYtVmMO6518mCuRMoOYFldEBl0g187ufozdaHgWKcYFb61qGiA==",
			"dev": true,
			"dependencies": {
				"balanced-match": "^1.0.0",
				"concat-map": "0.0.1"
			}
		},
		"node_modules/braces": {
			"version": "3.0.3",
			"resolved": "https://registry.npmjs.org/braces/-/braces-3.0.3.tgz",
			"integrity": "sha512-yQbXgO/OSZVD2IsiLlro+7Hf6Q18EJrKSEsdoMzKePKXct3gvD8oLcOQdIzGupr5Fj+EDe8gO/lxc1BzfMpxvA==",
			"dev": true,
			"dependencies": {
				"fill-range": "^7.1.1"
			},
			"engines": {
				"node": ">=8"
			}
		},
		"node_modules/browser-or-node": {
			"version": "2.1.1",
			"resolved": "https://registry.npmjs.org/browser-or-node/-/browser-or-node-2.1.1.tgz",
			"integrity": "sha512-8CVjaLJGuSKMVTxJ2DpBl5XnlNDiT4cQFeuCJJrvJmts9YrTZDizTX7PjC2s6W4x+MBGZeEY6dGMrF04/6Hgqg==",
			"optional": true
		},
		"node_modules/buffer-crc32": {
			"version": "0.2.13",
			"resolved": "https://registry.npmjs.org/buffer-crc32/-/buffer-crc32-0.2.13.tgz",
			"integrity": "sha512-VO9Ht/+p3SN7SKWqcrgEzjGbRSJYTx+Q1pTQC0wrWqHx0vpJraQ6GtHx8tvcg1rlK1byhU5gccxgOgj7B0TDkQ==",
			"optional": true,
			"engines": {
				"node": "*"
			}
		},
		"node_modules/call-bind": {
			"version": "1.0.7",
			"resolved": "https://registry.npmjs.org/call-bind/-/call-bind-1.0.7.tgz",
			"integrity": "sha512-GHTSNSYICQ7scH7sZ+M2rFopRoLh8t2bLSW6BbgrtLsahOIB5iyAVJf9GjWK3cYTDaMj4XdBpM1cA6pIS0Kv2w==",
			"optional": true,
			"dependencies": {
				"es-define-property": "^1.0.0",
				"es-errors": "^1.3.0",
				"function-bind": "^1.1.2",
				"get-intrinsic": "^1.2.4",
				"set-function-length": "^1.2.1"
			},
			"engines": {
				"node": ">= 0.4"
			},
			"funding": {
				"url": "https://github.com/sponsors/ljharb"
			}
		},
		"node_modules/chokidar": {
			"version": "3.6.0",
			"resolved": "https://registry.npmjs.org/chokidar/-/chokidar-3.6.0.tgz",
			"integrity": "sha512-7VT13fmjotKpGipCW9JEQAusEPE+Ei8nl6/g4FBAmIm0GOOLMua9NDDo/DWp0ZAxCr3cPq5ZpBqmPAQgDda2Pw==",
			"dev": true,
			"dependencies": {
				"anymatch": "~3.1.2",
				"braces": "~3.0.2",
				"glob-parent": "~5.1.2",
				"is-binary-path": "~2.1.0",
				"is-glob": "~4.0.1",
				"normalize-path": "~3.0.0",
				"readdirp": "~3.6.0"
			},
			"engines": {
				"node": ">= 8.10.0"
			},
			"funding": {
				"url": "https://paulmillr.com/funding/"
			},
			"optionalDependencies": {
				"fsevents": "~2.3.2"
			}
		},
		"node_modules/cluster-key-slot": {
			"version": "1.1.2",
			"resolved": "https://registry.npmjs.org/cluster-key-slot/-/cluster-key-slot-1.1.2.tgz",
			"integrity": "sha512-RMr0FhtfXemyinomL4hrWcYJxmX6deFdCxpJzhDttxgO1+bcCnkk+9drydLVDmAMG7NE6aN/fl4F7ucU/90gAA==",
			"engines": {
				"node": ">=0.10.0"
			}
		},
		"node_modules/concat-map": {
			"version": "0.0.1",
			"resolved": "https://registry.npmjs.org/concat-map/-/concat-map-0.0.1.tgz",
			"integrity": "sha512-/Srv4dswyQNBfohGpz9o6Yb3Gz3SrUDqBH5rTuhGR7ahtlbYKnVxw2bCFMRljaA7EXHaXZ8wsHdodFvbkhKmqg==",
			"dev": true
		},
		"node_modules/debug": {
			"version": "4.3.5",
			"resolved": "https://registry.npmjs.org/debug/-/debug-4.3.5.tgz",
			"integrity": "sha512-pt0bNEmneDIvdL1Xsd9oDQ/wrQRkXDT4AUWlNZNPKvW5x/jyO9VFXkJUP07vQ2upmw5PlaITaPKc31jK13V+jg==",
			"dependencies": {
				"ms": "2.1.2"
			},
			"engines": {
				"node": ">=6.0"
			},
			"peerDependenciesMeta": {
				"supports-color": {
					"optional": true
				}
			}
		},
		"node_modules/decode-uri-component": {
			"version": "0.2.2",
			"resolved": "https://registry.npmjs.org/decode-uri-component/-/decode-uri-component-0.2.2.tgz",
			"integrity": "sha512-FqUYQ+8o158GyGTrMFJms9qh3CqTKvAqgqsTnkLI8sKu0028orqBhxNMFkFen0zGyg6epACD32pjVk58ngIErQ==",
			"optional": true,
			"engines": {
				"node": ">=0.10"
			}
		},
		"node_modules/define-data-property": {
			"version": "1.1.4",
			"resolved": "https://registry.npmjs.org/define-data-property/-/define-data-property-1.1.4.tgz",
			"integrity": "sha512-rBMvIzlpA8v6E+SJZoo++HAYqsLrkg7MSfIinMPFhmkorw7X+dOXVJQs+QT69zGkzMyfDnIMN2Wid1+NbL3T+A==",
			"optional": true,
			"dependencies": {
				"es-define-property": "^1.0.0",
				"es-errors": "^1.3.0",
				"gopd": "^1.0.1"
			},
			"engines": {
				"node": ">= 0.4"
			},
			"funding": {
				"url": "https://github.com/sponsors/ljharb"
			}
		},
		"node_modules/denque": {
			"version": "2.1.0",
			"resolved": "https://registry.npmjs.org/denque/-/denque-2.1.0.tgz",
			"integrity": "sha512-HVQE3AAb/pxF8fQAoiqpvg9i3evqug3hoiwakOyZAwJm+6vZehbkYXZ0l4JxS+I3QxM97v5aaRNhj8v5oBhekw==",
			"engines": {
				"node": ">=0.10"
			}
		},
		"node_modules/es-define-property": {
			"version": "1.0.0",
			"resolved": "https://registry.npmjs.org/es-define-property/-/es-define-property-1.0.0.tgz",
			"integrity": "sha512-jxayLKShrEqqzJ0eumQbVhTYQM27CfT1T35+gCgDFoL82JLsXqTJ76zv6A0YLOgEnLUMvLzsDsGIrl8NFpT2gQ==",
			"optional": true,
			"dependencies": {
				"get-intrinsic": "^1.2.4"
			},
			"engines": {
				"node": ">= 0.4"
			}
		},
		"node_modules/es-errors": {
			"version": "1.3.0",
			"resolved": "https://registry.npmjs.org/es-errors/-/es-errors-1.3.0.tgz",
			"integrity": "sha512-Zf5H2Kxt2xjTvbJvP2ZWLEICxA6j+hAmMzIlypy4xcBg1vKVnx89Wy0GbS+kf5cwCVFFzdCFh2XSCFNULS6csw==",
			"optional": true,
			"engines": {
				"node": ">= 0.4"
			}
		},
		"node_modules/fast-xml-parser": {
			"version": "4.4.0",
			"resolved": "https://registry.npmjs.org/fast-xml-parser/-/fast-xml-parser-4.4.0.tgz",
			"integrity": "sha512-kLY3jFlwIYwBNDojclKsNAC12sfD6NwW74QB2CoNGPvtVxjliYehVunB3HYyNi+n4Tt1dAcgwYvmKF/Z18flqg==",
			"funding": [
				{
					"type": "github",
					"url": "https://github.com/sponsors/NaturalIntelligence"
				},
				{
					"type": "paypal",
					"url": "https://paypal.me/naturalintelligence"
				}
			],
			"optional": true,
			"dependencies": {
				"strnum": "^1.0.5"
			},
			"bin": {
				"fxparser": "src/cli/cli.js"
			}
		},
		"node_modules/fill-range": {
			"version": "7.1.1",
			"resolved": "https://registry.npmjs.org/fill-range/-/fill-range-7.1.1.tgz",
			"integrity": "sha512-YsGpe3WHLK8ZYi4tWDg2Jy3ebRz2rXowDxnld4bkQB00cc/1Zw9AWnC0i9ztDJitivtQvaI9KaLyKrc+hBW0yg==",
			"dev": true,
			"dependencies": {
				"to-regex-range": "^5.0.1"
			},
			"engines": {
				"node": ">=8"
			}
		},
		"node_modules/filter-obj": {
			"version": "1.1.0",
			"resolved": "https://registry.npmjs.org/filter-obj/-/filter-obj-1.1.0.tgz",
			"integrity": "sha512-8rXg1ZnX7xzy2NGDVkBVaAy+lSlPNwad13BtgSlLuxfIslyt5Vg64U7tFcCt4WS1R0hvtnQybT/IyCkGZ3DpXQ==",
			"optional": true,
			"engines": {
				"node": ">=0.10.0"
			}
		},
		"node_modules/for-each": {
			"version": "0.3.3",
			"resolved": "https://registry.npmjs.org/for-each/-/for-each-0.3.3.tgz",
			"integrity": "sha512-jqYfLp7mo9vIyQf8ykW2v7A+2N4QjeCeI5+Dz9XraiO1ign81wjiH7Fb9vSOWvQfNtmSa4H2RoQTrrXivdUZmw==",
			"optional": true,
			"dependencies": {
				"is-callable": "^1.1.3"
			}
		},
		"node_modules/fsevents": {
			"version": "2.3.3",
			"resolved": "https://registry.npmjs.org/fsevents/-/fsevents-2.3.3.tgz",
			"integrity": "sha512-5xoDfX+fL7faATnagmWPpbFtwh/R77WmMMqqHGS65C3vvB0YHrgF+B1YmZ3441tMj5n63k0212XNoJwzlhffQw==",
			"dev": true,
			"hasInstallScript": true,
			"optional": true,
			"os": [
				"darwin"
			],
			"engines": {
				"node": "^8.16.0 || ^10.6.0 || >=11.0.0"
			}
		},
		"node_modules/function-bind": {
			"version": "1.1.2",
			"resolved": "https://registry.npmjs.org/function-bind/-/function-bind-1.1.2.tgz",
			"integrity": "sha512-7XHNxH7qX9xG5mIwxkhumTox/MIRNcOgDrxWsMt2pAr23WHp6MrRlN7FBSFpCpr+oVO0F744iUgR82nJMfG2SA==",
			"optional": true,
			"funding": {
				"url": "https://github.com/sponsors/ljharb"
			}
		},
		"node_modules/generic-pool": {
			"version": "3.9.0",
			"resolved": "https://registry.npmjs.org/generic-pool/-/generic-pool-3.9.0.tgz",
			"integrity": "sha512-hymDOu5B53XvN4QT9dBmZxPX4CWhBPPLguTZ9MMFeFa/Kg0xWVfylOVNlJji/E7yTZWFd/q9GO5TxDLq156D7g==",
			"engines": {
				"node": ">= 4"
			}
		},
		"node_modules/get-intrinsic": {
			"version": "1.2.4",
			"resolved": "https://registry.npmjs.org/get-intrinsic/-/get-intrinsic-1.2.4.tgz",
			"integrity": "sha512-5uYhsJH8VJBTv7oslg4BznJYhDoRI6waYCxMmCdnTrcCrHA/fCFKoTFz2JKKE0HdDFUF7/oQuhzumXJK7paBRQ==",
			"optional": true,
			"dependencies": {
				"es-errors": "^1.3.0",
				"function-bind": "^1.1.2",
				"has-proto": "^1.0.1",
				"has-symbols": "^1.0.3",
				"hasown": "^2.0.0"
			},
			"engines": {
				"node": ">= 0.4"
			},
			"funding": {
				"url": "https://github.com/sponsors/ljharb"
			}
		},
		"node_modules/glob-parent": {
			"version": "5.1.2",
			"resolved": "https://registry.npmjs.org/glob-parent/-/glob-parent-5.1.2.tgz",
			"integrity": "sha512-AOIgSQCepiJYwP3ARnGx+5VnTu2HBYdzbGP45eLw1vr3zB3vZLeyed1sC9hnbcOc9/SrMyM5RPQrkGz4aS9Zow==",
			"dev": true,
			"dependencies": {
				"is-glob": "^4.0.1"
			},
			"engines": {
				"node": ">= 6"
			}
		},
		"node_modules/gopd": {
			"version": "1.0.1",
			"resolved": "https://registry.npmjs.org/gopd/-/gopd-1.0.1.tgz",
			"integrity": "sha512-d65bNlIadxvpb/A2abVdlqKqV563juRnZ1Wtk6s1sIR8uNsXR70xqIzVqxVf1eTqDunwT2MkczEeaezCKTZhwA==",
			"optional": true,
			"dependencies": {
				"get-intrinsic": "^1.1.3"
			},
			"funding": {
				"url": "https://github.com/sponsors/ljharb"
			}
		},
		"node_modules/has-flag": {
			"version": "3.0.0",
			"resolved": "https://registry.npmjs.org/has-flag/-/has-flag-3.0.0.tgz",
			"integrity": "sha512-sKJf1+ceQBr4SMkvQnBDNDtf4TXpVhVGateu0t918bl30FnbE2m4vNLX+VWe/dpjlb+HugGYzW7uQXH98HPEYw==",
			"dev": true,
			"engines": {
				"node": ">=4"
			}
		},
		"node_modules/has-property-descriptors": {
			"version": "1.0.2",
			"resolved": "https://registry.npmjs.org/has-property-descriptors/-/has-property-descriptors-1.0.2.tgz",
			"integrity": "sha512-55JNKuIW+vq4Ke1BjOTjM2YctQIvCT7GFzHwmfZPGo5wnrgkid0YQtnAleFSqumZm4az3n2BS+erby5ipJdgrg==",
			"optional": true,
			"dependencies": {
				"es-define-property": "^1.0.0"
			},
			"funding": {
				"url": "https://github.com/sponsors/ljharb"
			}
		},
		"node_modules/has-proto": {
			"version": "1.0.3",
			"resolved": "https://registry.npmjs.org/has-proto/-/has-proto-1.0.3.tgz",
			"integrity": "sha512-SJ1amZAJUiZS+PhsVLf5tGydlaVB8EdFpaSO4gmiUKUOxk8qzn5AIy4ZeJUmh22znIdk/uMAUT2pl3FxzVUH+Q==",
			"optional": true,
			"engines": {
				"node": ">= 0.4"
			},
			"funding": {
				"url": "https://github.com/sponsors/ljharb"
			}
		},
		"node_modules/has-symbols": {
			"version": "1.0.3",
			"resolved": "https://registry.npmjs.org/has-symbols/-/has-symbols-1.0.3.tgz",
			"integrity": "sha512-l3LCuF6MgDNwTDKkdYGEihYjt5pRPbEg46rtlmnSPlUbgmB8LOIrKJbYYFBSbnPaJexMKtiPO8hmeRjRz2Td+A==",
			"optional": true,
			"engines": {
				"node": ">= 0.4"
			},
			"funding": {
				"url": "https://github.com/sponsors/ljharb"
			}
		},
		"node_modules/has-tostringtag": {
			"version": "1.0.2",
			"resolved": "https://registry.npmjs.org/has-tostringtag/-/has-tostringtag-1.0.2.tgz",
			"integrity": "sha512-NqADB8VjPFLM2V0VvHUewwwsw0ZWBaIdgo+ieHtK3hasLz4qeCRjYcqfB6AQrBggRKppKF8L52/VqdVsO47Dlw==",
			"optional": true,
			"dependencies": {
				"has-symbols": "^1.0.3"
			},
			"engines": {
				"node": ">= 0.4"
			},
			"funding": {
				"url": "https://github.com/sponsors/ljharb"
			}
		},
		"node_modules/hasown": {
			"version": "2.0.2",
			"resolved": "https://registry.npmjs.org/hasown/-/hasown-2.0.2.tgz",
			"integrity": "sha512-0hJU9SCPvmMzIBdZFqNPXWa6dqh7WdH0cII9y+CyS8rG3nL48Bclra9HmKhVVUHyPWNH5Y7xDwAB7bfgSjkUMQ==",
			"optional": true,
			"dependencies": {
				"function-bind": "^1.1.2"
			},
			"engines": {
				"node": ">= 0.4"
			}
		},
		"node_modules/ignore-by-default": {
			"version": "1.0.1",
			"resolved": "https://registry.npmjs.org/ignore-by-default/-/ignore-by-default-1.0.1.tgz",
			"integrity": "sha512-Ius2VYcGNk7T90CppJqcIkS5ooHUZyIQK+ClZfMfMNFEF9VSE73Fq+906u/CWu92x4gzZMWOwfFYckPObzdEbA==",
			"dev": true
		},
		"node_modules/inherits": {
			"version": "2.0.4",
			"resolved": "https://registry.npmjs.org/inherits/-/inherits-2.0.4.tgz",
			"integrity": "sha512-k/vGaX4/Yla3WzyMCvTQOXYeIHvqOKtnqBduzTHpzpQZzAskKMhZ2K+EnBiSM9zGSoIFeMpXKxa4dYeZIQqewQ==",
			"optional": true
		},
		"node_modules/ioredis": {
			"version": "5.4.1",
			"resolved": "https://registry.npmjs.org/ioredis/-/ioredis-5.4.1.tgz",
			"integrity": "sha512-2YZsvl7jopIa1gaePkeMtd9rAcSjOOjPtpcLlOeusyO+XH2SK5ZcT+UCrElPP+WVIInh2TzeI4XW9ENaSLVVHA==",
			"dependencies": {
				"@ioredis/commands": "^1.1.1",
				"cluster-key-slot": "^1.1.0",
				"debug": "^4.3.4",
				"denque": "^2.1.0",
				"lodash.defaults": "^4.2.0",
				"lodash.isarguments": "^3.1.0",
				"redis-errors": "^1.2.0",
				"redis-parser": "^3.0.0",
				"standard-as-callback": "^2.1.0"
			},
			"engines": {
				"node": ">=12.22.0"
			},
			"funding": {
				"type": "opencollective",
				"url": "https://opencollective.com/ioredis"
			}
		},
		"node_modules/ipaddr.js": {
			"version": "2.2.0",
			"resolved": "https://registry.npmjs.org/ipaddr.js/-/ipaddr.js-2.2.0.tgz",
			"integrity": "sha512-Ag3wB2o37wslZS19hZqorUnrnzSkpOVy+IiiDEiTqNubEYpYuHWIf6K4psgN2ZWKExS4xhVCrRVfb/wfW8fWJA==",
			"optional": true,
			"engines": {
				"node": ">= 10"
			}
		},
		"node_modules/is-arguments": {
			"version": "1.1.1",
			"resolved": "https://registry.npmjs.org/is-arguments/-/is-arguments-1.1.1.tgz",
			"integrity": "sha512-8Q7EARjzEnKpt/PCD7e1cgUS0a6X8u5tdSiMqXhojOdoV9TsMsiO+9VLC5vAmO8N7/GmXn7yjR8qnA6bVAEzfA==",
			"optional": true,
			"dependencies": {
				"call-bind": "^1.0.2",
				"has-tostringtag": "^1.0.0"
			},
			"engines": {
				"node": ">= 0.4"
			},
			"funding": {
				"url": "https://github.com/sponsors/ljharb"
			}
		},
		"node_modules/is-binary-path": {
			"version": "2.1.0",
			"resolved": "https://registry.npmjs.org/is-binary-path/-/is-binary-path-2.1.0.tgz",
			"integrity": "sha512-ZMERYes6pDydyuGidse7OsHxtbI7WVeUEozgR/g7rd0xUimYNlvZRE/K2MgZTjWy725IfelLeVcEM97mmtRGXw==",
			"dev": true,
			"dependencies": {
				"binary-extensions": "^2.0.0"
			},
			"engines": {
				"node": ">=8"
			}
		},
		"node_modules/is-callable": {
			"version": "1.2.7",
			"resolved": "https://registry.npmjs.org/is-callable/-/is-callable-1.2.7.tgz",
			"integrity": "sha512-1BC0BVFhS/p0qtw6enp8e+8OD0UrK0oFLztSjNzhcKA3WDuJxxAPXzPuPtKkjEY9UUoEWlX/8fgKeu2S8i9JTA==",
			"optional": true,
			"engines": {
				"node": ">= 0.4"
			},
			"funding": {
				"url": "https://github.com/sponsors/ljharb"
			}
		},
		"node_modules/is-extglob": {
			"version": "2.1.1",
			"resolved": "https://registry.npmjs.org/is-extglob/-/is-extglob-2.1.1.tgz",
			"integrity": "sha512-SbKbANkN603Vi4jEZv49LeVJMn4yGwsbzZworEoyEiutsN3nJYdbO36zfhGJ6QEDpOZIFkDtnq5JRxmvl3jsoQ==",
			"dev": true,
			"engines": {
				"node": ">=0.10.0"
			}
		},
		"node_modules/is-generator-function": {
			"version": "1.0.10",
			"resolved": "https://registry.npmjs.org/is-generator-function/-/is-generator-function-1.0.10.tgz",
			"integrity": "sha512-jsEjy9l3yiXEQ+PsXdmBwEPcOxaXWLspKdplFUVI9vq1iZgIekeC0L167qeu86czQaxed3q/Uzuw0swL0irL8A==",
			"optional": true,
			"dependencies": {
				"has-tostringtag": "^1.0.0"
			},
			"engines": {
				"node": ">= 0.4"
			},
			"funding": {
				"url": "https://github.com/sponsors/ljharb"
			}
		},
		"node_modules/is-glob": {
			"version": "4.0.3",
			"resolved": "https://registry.npmjs.org/is-glob/-/is-glob-4.0.3.tgz",
			"integrity": "sha512-xelSayHH36ZgE7ZWhli7pW34hNbNl8Ojv5KVmkJD4hBdD3th8Tfk9vYasLM+mXWOZhFkgZfxhLSnrwRr4elSSg==",
			"dev": true,
			"dependencies": {
				"is-extglob": "^2.1.1"
			},
			"engines": {
				"node": ">=0.10.0"
			}
		},
		"node_modules/is-number": {
			"version": "7.0.0",
			"resolved": "https://registry.npmjs.org/is-number/-/is-number-7.0.0.tgz",
			"integrity": "sha512-41Cifkg6e8TylSpdtTpeLVMqvSBEVzTttHvERD741+pnZ8ANv0004MRL43QKPDlK9cGvNp6NZWZUBlbGXYxxng==",
			"dev": true,
			"engines": {
				"node": ">=0.12.0"
			}
		},
		"node_modules/is-typed-array": {
			"version": "1.1.13",
			"resolved": "https://registry.npmjs.org/is-typed-array/-/is-typed-array-1.1.13.tgz",
			"integrity": "sha512-uZ25/bUAlUY5fR4OKT4rZQEBrzQWYV9ZJYGGsUmEJ6thodVJ1HX64ePQ6Z0qPWP+m+Uq6e9UugrE38jeYsDSMw==",
			"optional": true,
			"dependencies": {
				"which-typed-array": "^1.1.14"
			},
			"engines": {
				"node": ">= 0.4"
			},
			"funding": {
				"url": "https://github.com/sponsors/ljharb"
			}
		},
		"node_modules/isomorphic.js": {
			"version": "0.2.5",
			"resolved": "https://registry.npmjs.org/isomorphic.js/-/isomorphic.js-0.2.5.tgz",
			"integrity": "sha512-PIeMbHqMt4DnUP3MA/Flc0HElYjMXArsw1qwJZcm9sqR8mq3l8NYizFMty0pWwE/tzIGH3EKK5+jes5mAr85yw==",
			"funding": {
				"type": "GitHub Sponsors ❤",
				"url": "https://github.com/sponsors/dmonad"
			}
		},
		"node_modules/json-stream": {
			"version": "1.0.0",
			"resolved": "https://registry.npmjs.org/json-stream/-/json-stream-1.0.0.tgz",
			"integrity": "sha512-H/ZGY0nIAg3QcOwE1QN/rK/Fa7gJn7Ii5obwp6zyPO4xiPNwpIMjqy2gwjBEGqzkF/vSWEIBQCBuN19hYiL6Qg==",
			"optional": true
		},
		"node_modules/lib0": {
			"version": "0.2.94",
			"resolved": "https://registry.npmjs.org/lib0/-/lib0-0.2.94.tgz",
			"integrity": "sha512-hZ3p54jL4Wpu7IOg26uC7dnEWiMyNlUrb9KoG7+xYs45WkQwpVvKFndVq2+pqLYKe1u8Fp3+zAfZHVvTK34PvQ==",
			"dependencies": {
				"isomorphic.js": "^0.2.4"
			},
			"bin": {
				"0ecdsa-generate-keypair": "bin/0ecdsa-generate-keypair.js",
				"0gentesthtml": "bin/gentesthtml.js",
				"0serve": "bin/0serve.js"
			},
			"engines": {
				"node": ">=16"
			},
			"funding": {
				"type": "GitHub Sponsors ❤",
				"url": "https://github.com/sponsors/dmonad"
			}
		},
		"node_modules/lodash": {
			"version": "4.17.21",
			"resolved": "https://registry.npmjs.org/lodash/-/lodash-4.17.21.tgz",
			"integrity": "sha512-v2kDEe57lecTulaDIuNTPy3Ry4gLGJ6Z1O3vE1krgXZNrsQ+LFTGHVxVjcXPs17LhbZVGedAJv8XZ1tvj5FvSg==",
			"optional": true
		},
		"node_modules/lodash.defaults": {
			"version": "4.2.0",
			"resolved": "https://registry.npmjs.org/lodash.defaults/-/lodash.defaults-4.2.0.tgz",
			"integrity": "sha512-qjxPLHd3r5DnsdGacqOMU6pb/avJzdh9tFX2ymgoZE27BmjXrNy/y4LoaiTeAb+O3gL8AfpJGtqfX/ae2leYYQ=="
		},
		"node_modules/lodash.isarguments": {
			"version": "3.1.0",
			"resolved": "https://registry.npmjs.org/lodash.isarguments/-/lodash.isarguments-3.1.0.tgz",
			"integrity": "sha512-chi4NHZlZqZD18a0imDHnZPrDeBbTtVN7GXMwuGdRH9qotxAjYs3aVLKc7zNOG9eddR5Ksd8rvFEBc9SsggPpg=="
		},
		"node_modules/mime-db": {
			"version": "1.52.0",
			"resolved": "https://registry.npmjs.org/mime-db/-/mime-db-1.52.0.tgz",
			"integrity": "sha512-sPU4uV7dYlvtWJxwwxHD0PuihVNiE7TyAbQ5SWxDCB9mUYvOgroQOwYQQOKPJ8CIbE+1ETVlOoK1UC2nU3gYvg==",
			"optional": true,
			"engines": {
				"node": ">= 0.6"
			}
		},
		"node_modules/mime-types": {
			"version": "2.1.35",
			"resolved": "https://registry.npmjs.org/mime-types/-/mime-types-2.1.35.tgz",
			"integrity": "sha512-ZDY+bPm5zTTF+YpCrAU9nK0UgICYPT0QtT1NZWFv4s++TNkcgVaT0g6+4R2uI4MjQjzysHB1zxuWL50hzaeXiw==",
			"optional": true,
			"dependencies": {
				"mime-db": "1.52.0"
			},
			"engines": {
				"node": ">= 0.6"
			}
		},
		"node_modules/minimatch": {
			"version": "3.1.2",
			"resolved": "https://registry.npmjs.org/minimatch/-/minimatch-3.1.2.tgz",
			"integrity": "sha512-J7p63hRiAjw1NDEww1W7i37+ByIrOWO5XQQAzZ3VOcL0PNybwpfmV/N05zFAzwQ9USyEcX6t3UO+K5aqBQOIHw==",
			"dev": true,
			"dependencies": {
				"brace-expansion": "^1.1.7"
			},
			"engines": {
				"node": "*"
			}
		},
		"node_modules/minio": {
			"version": "7.1.3",
			"resolved": "https://registry.npmjs.org/minio/-/minio-7.1.3.tgz",
			"integrity": "sha512-xPrLjWkTT5E7H7VnzOjF//xBp9I40jYB4aWhb2xTFopXXfw+Wo82DDWngdUju7Doy3Wk7R8C4LAgwhLHHnf0wA==",
			"optional": true,
			"dependencies": {
				"async": "^3.2.4",
				"block-stream2": "^2.1.0",
				"browser-or-node": "^2.1.1",
				"buffer-crc32": "^0.2.13",
				"fast-xml-parser": "^4.2.2",
				"ipaddr.js": "^2.0.1",
				"json-stream": "^1.0.0",
				"lodash": "^4.17.21",
				"mime-types": "^2.1.35",
				"query-string": "^7.1.3",
				"through2": "^4.0.2",
				"web-encoding": "^1.1.5",
				"xml": "^1.0.1",
				"xml2js": "^0.5.0"
			},
			"engines": {
				"node": "^16 || ^18 || >=20"
			}
		},
		"node_modules/ms": {
			"version": "2.1.2",
			"resolved": "https://registry.npmjs.org/ms/-/ms-2.1.2.tgz",
			"integrity": "sha512-sGkPx+VjMtmA6MX27oA4FBFELFCZZ4S4XqeGOXCv68tT+jb3vk/RyaKWP0PTKyWtmLSM0b+adUTEvbs1PEaH2w=="
		},
		"node_modules/nodemon": {
			"version": "3.1.4",
			"resolved": "https://registry.npmjs.org/nodemon/-/nodemon-3.1.4.tgz",
			"integrity": "sha512-wjPBbFhtpJwmIeY2yP7QF+UKzPfltVGtfce1g/bB15/8vCGZj8uxD62b/b9M9/WVgme0NZudpownKN+c0plXlQ==",
			"dev": true,
			"dependencies": {
				"chokidar": "^3.5.2",
				"debug": "^4",
				"ignore-by-default": "^1.0.1",
				"minimatch": "^3.1.2",
				"pstree.remy": "^1.1.8",
				"semver": "^7.5.3",
				"simple-update-notifier": "^2.0.0",
				"supports-color": "^5.5.0",
				"touch": "^3.1.0",
				"undefsafe": "^2.0.5"
			},
			"bin": {
				"nodemon": "bin/nodemon.js"
			},
			"engines": {
				"node": ">=10"
			},
			"funding": {
				"type": "opencollective",
				"url": "https://opencollective.com/nodemon"
			}
		},
		"node_modules/normalize-path": {
			"version": "3.0.0",
			"resolved": "https://registry.npmjs.org/normalize-path/-/normalize-path-3.0.0.tgz",
			"integrity": "sha512-6eZs5Ls3WtCisHWp9S2GUy8dqkpGi4BVSz3GaqiE6ezub0512ESztXUwUB6C6IKbQkY2Pnb/mD4WYojCRwcwLA==",
			"dev": true,
			"engines": {
				"node": ">=0.10.0"
			}
		},
		"node_modules/picomatch": {
			"version": "2.3.1",
			"resolved": "https://registry.npmjs.org/picomatch/-/picomatch-2.3.1.tgz",
			"integrity": "sha512-JU3teHTNjmE2VCGFzuY8EXzCDVwEqB2a8fsIvwaStHhAWJEeVd1o1QD80CU6+ZdEXXSLbSsuLwJjkCBWqRQUVA==",
			"dev": true,
			"engines": {
				"node": ">=8.6"
			},
			"funding": {
				"url": "https://github.com/sponsors/jonschlinkert"
			}
		},
		"node_modules/possible-typed-array-names": {
			"version": "1.0.0",
			"resolved": "https://registry.npmjs.org/possible-typed-array-names/-/possible-typed-array-names-1.0.0.tgz",
			"integrity": "sha512-d7Uw+eZoloe0EHDIYoe+bQ5WXnGMOpmiZFTuMWCwpjzzkL2nTjcKiAk4hh8TjnGye2TwWOk3UXucZ+3rbmBa8Q==",
			"optional": true,
			"engines": {
				"node": ">= 0.4"
			}
		},
		"node_modules/postgres": {
			"version": "3.4.4",
			"resolved": "https://registry.npmjs.org/postgres/-/postgres-3.4.4.tgz",
			"integrity": "sha512-IbyN+9KslkqcXa8AO9fxpk97PA4pzewvpi2B3Dwy9u4zpV32QicaEdgmF3eSQUzdRk7ttDHQejNgAEr4XoeH4A==",
			"optional": true,
			"engines": {
				"node": ">=12"
			},
			"funding": {
				"type": "individual",
				"url": "https://github.com/sponsors/porsager"
			}
		},
		"node_modules/prettier": {
			"version": "3.3.3",
			"resolved": "https://registry.npmjs.org/prettier/-/prettier-3.3.3.tgz",
			"integrity": "sha512-i2tDNA0O5IrMO757lfrdQZCc2jPNDVntV0m/+4whiDfWaTKfMNgR7Qz0NAeGz/nRqF4m5/6CLzbP4/liHt12Ew==",
			"dev": true,
			"bin": {
				"prettier": "bin/prettier.cjs"
			},
			"engines": {
				"node": ">=14"
			},
			"funding": {
				"url": "https://github.com/prettier/prettier?sponsor=1"
			}
		},
		"node_modules/pstree.remy": {
			"version": "1.1.8",
			"resolved": "https://registry.npmjs.org/pstree.remy/-/pstree.remy-1.1.8.tgz",
			"integrity": "sha512-77DZwxQmxKnu3aR542U+X8FypNzbfJ+C5XQDk3uWjWxn6151aIMGthWYRXTqT1E5oJvg+ljaa2OJi+VfvCOQ8w==",
			"dev": true
		},
		"node_modules/query-string": {
			"version": "7.1.3",
			"resolved": "https://registry.npmjs.org/query-string/-/query-string-7.1.3.tgz",
			"integrity": "sha512-hh2WYhq4fi8+b+/2Kg9CEge4fDPvHS534aOOvOZeQ3+Vf2mCFsaFBYj0i+iXcAq6I9Vzp5fjMFBlONvayDC1qg==",
			"optional": true,
			"dependencies": {
				"decode-uri-component": "^0.2.2",
				"filter-obj": "^1.1.0",
				"split-on-first": "^1.0.0",
				"strict-uri-encode": "^2.0.0"
			},
			"engines": {
				"node": ">=6"
			},
			"funding": {
				"url": "https://github.com/sponsors/sindresorhus"
			}
		},
		"node_modules/readable-stream": {
			"version": "3.6.2",
			"resolved": "https://registry.npmjs.org/readable-stream/-/readable-stream-3.6.2.tgz",
			"integrity": "sha512-9u/sniCrY3D5WdsERHzHE4G2YCXqoG5FTHUiCC4SIbr6XcLZBY05ya9EKjYek9O5xOAwjGq+1JdGBAS7Q9ScoA==",
			"optional": true,
			"dependencies": {
				"inherits": "^2.0.3",
				"string_decoder": "^1.1.1",
				"util-deprecate": "^1.0.1"
			},
			"engines": {
				"node": ">= 6"
			}
		},
		"node_modules/readdirp": {
			"version": "3.6.0",
			"resolved": "https://registry.npmjs.org/readdirp/-/readdirp-3.6.0.tgz",
			"integrity": "sha512-hOS089on8RduqdbhvQ5Z37A0ESjsqz6qnRcffsMU3495FuTdqSm+7bhJ29JvIOsBDEEnan5DPu9t3To9VRlMzA==",
			"dev": true,
			"dependencies": {
				"picomatch": "^2.2.1"
			},
			"engines": {
				"node": ">=8.10.0"
			}
		},
		"node_modules/redis": {
			"version": "4.7.0",
			"resolved": "https://registry.npmjs.org/redis/-/redis-4.7.0.tgz",
			"integrity": "sha512-zvmkHEAdGMn+hMRXuMBtu4Vo5P6rHQjLoHftu+lBqq8ZTA3RCVC/WzD790bkKKiNFp7d5/9PcSD19fJyyRvOdQ==",
			"workspaces": [
				"./packages/*"
			],
			"dependencies": {
				"@redis/bloom": "1.2.0",
				"@redis/client": "1.6.0",
				"@redis/graph": "1.1.1",
				"@redis/json": "1.0.7",
				"@redis/search": "1.2.0",
				"@redis/time-series": "1.1.0"
			}
		},
		"node_modules/redis-errors": {
			"version": "1.2.0",
			"resolved": "https://registry.npmjs.org/redis-errors/-/redis-errors-1.2.0.tgz",
			"integrity": "sha512-1qny3OExCf0UvUV/5wpYKf2YwPcOqXzkwKKSmKHiE6ZMQs5heeE/c8eXK+PNllPvmjgAbfnsbpkGZWy8cBpn9w==",
			"engines": {
				"node": ">=4"
			}
		},
		"node_modules/redis-parser": {
			"version": "3.0.0",
			"resolved": "https://registry.npmjs.org/redis-parser/-/redis-parser-3.0.0.tgz",
			"integrity": "sha512-DJnGAeenTdpMEH6uAJRK/uiyEIH9WVsUmoLwzudwGJUwZPp80PDBWPHXSAGNPwNvIXAbe7MSUB1zQFugFml66A==",
			"dependencies": {
				"redis-errors": "^1.0.0"
			},
			"engines": {
				"node": ">=4"
			}
		},
		"node_modules/safe-buffer": {
			"version": "5.2.1",
			"resolved": "https://registry.npmjs.org/safe-buffer/-/safe-buffer-5.2.1.tgz",
			"integrity": "sha512-rp3So07KcdmmKbGvgaNxQSJr7bGVSVk5S9Eq1F+ppbRo70+YeaDxkw5Dd8NPN+GD6bjnYm2VuPuCXmpuYvmCXQ==",
			"funding": [
				{
					"type": "github",
					"url": "https://github.com/sponsors/feross"
				},
				{
					"type": "patreon",
					"url": "https://www.patreon.com/feross"
				},
				{
					"type": "consulting",
					"url": "https://feross.org/support"
				}
			],
			"optional": true
		},
		"node_modules/sax": {
			"version": "1.4.1",
			"resolved": "https://registry.npmjs.org/sax/-/sax-1.4.1.tgz",
			"integrity": "sha512-+aWOz7yVScEGoKNd4PA10LZ8sk0A/z5+nXQG5giUO5rprX9jgYsTdov9qCchZiPIZezbZH+jRut8nPodFAX4Jg==",
			"optional": true
		},
		"node_modules/semver": {
			"version": "7.6.3",
			"resolved": "https://registry.npmjs.org/semver/-/semver-7.6.3.tgz",
			"integrity": "sha512-oVekP1cKtI+CTDvHWYFUcMtsK/00wmAEfyqKfNdARm8u1wNVhSgaX7A8d4UuIlUI5e84iEwOhs7ZPYRmzU9U6A==",
			"dev": true,
			"bin": {
				"semver": "bin/semver.js"
			},
			"engines": {
				"node": ">=10"
			}
		},
		"node_modules/set-function-length": {
			"version": "1.2.2",
			"resolved": "https://registry.npmjs.org/set-function-length/-/set-function-length-1.2.2.tgz",
			"integrity": "sha512-pgRc4hJ4/sNjWCSS9AmnS40x3bNMDTknHgL5UaMBTMyJnU90EgWh1Rz+MC9eFu4BuN/UwZjKQuY/1v3rM7HMfg==",
			"optional": true,
			"dependencies": {
				"define-data-property": "^1.1.4",
				"es-errors": "^1.3.0",
				"function-bind": "^1.1.2",
				"get-intrinsic": "^1.2.4",
				"gopd": "^1.0.1",
				"has-property-descriptors": "^1.0.2"
			},
			"engines": {
				"node": ">= 0.4"
			}
		},
		"node_modules/simple-update-notifier": {
			"version": "2.0.0",
			"resolved": "https://registry.npmjs.org/simple-update-notifier/-/simple-update-notifier-2.0.0.tgz",
			"integrity": "sha512-a2B9Y0KlNXl9u/vsW6sTIu9vGEpfKu2wRV6l1H3XEas/0gUIzGzBoP/IouTcUQbm9JWZLH3COxyn03TYlFax6w==",
			"dev": true,
			"dependencies": {
				"semver": "^7.5.3"
			},
			"engines": {
				"node": ">=10"
			}
		},
		"node_modules/split-on-first": {
			"version": "1.1.0",
			"resolved": "https://registry.npmjs.org/split-on-first/-/split-on-first-1.1.0.tgz",
			"integrity": "sha512-43ZssAJaMusuKWL8sKUBQXHWOpq8d6CfN/u1p4gUzfJkM05C8rxTmYrkIPTXapZpORA6LkkzcUulJ8FqA7Uudw==",
			"optional": true,
			"engines": {
				"node": ">=6"
			}
		},
		"node_modules/standard-as-callback": {
			"version": "2.1.0",
			"resolved": "https://registry.npmjs.org/standard-as-callback/-/standard-as-callback-2.1.0.tgz",
			"integrity": "sha512-qoRRSyROncaz1z0mvYqIE4lCd9p2R90i6GxW3uZv5ucSu8tU7B5HXUP1gG8pVZsYNVaXjk8ClXHPttLyxAL48A=="
		},
		"node_modules/strict-uri-encode": {
			"version": "2.0.0",
			"resolved": "https://registry.npmjs.org/strict-uri-encode/-/strict-uri-encode-2.0.0.tgz",
			"integrity": "sha512-QwiXZgpRcKkhTj2Scnn++4PKtWsH0kpzZ62L2R6c/LUVYv7hVnZqcg2+sMuT6R7Jusu1vviK/MFsu6kNJfWlEQ==",
			"optional": true,
			"engines": {
				"node": ">=4"
			}
		},
		"node_modules/string_decoder": {
			"version": "1.3.0",
			"resolved": "https://registry.npmjs.org/string_decoder/-/string_decoder-1.3.0.tgz",
			"integrity": "sha512-hkRX8U1WjJFd8LsDJ2yQ/wWWxaopEsABU1XfkM8A+j0+85JAGppt16cr1Whg6KIbb4okU6Mql6BOj+uup/wKeA==",
			"optional": true,
			"dependencies": {
				"safe-buffer": "~5.2.0"
			}
		},
		"node_modules/strnum": {
			"version": "1.0.5",
			"resolved": "https://registry.npmjs.org/strnum/-/strnum-1.0.5.tgz",
			"integrity": "sha512-J8bbNyKKXl5qYcR36TIO8W3mVGVHrmmxsd5PAItGkmyzwJvybiw2IVq5nqd0i4LSNSkB/sx9VHllbfFdr9k1JA==",
			"optional": true
		},
		"node_modules/supports-color": {
			"version": "5.5.0",
			"resolved": "https://registry.npmjs.org/supports-color/-/supports-color-5.5.0.tgz",
			"integrity": "sha512-QjVjwdXIt408MIiAqCX4oUKsgU2EqAGzs2Ppkm4aQYbjm+ZEWEcW4SfFNTr4uMNZma0ey4f5lgLrkB0aX0QMow==",
			"dev": true,
			"dependencies": {
				"has-flag": "^3.0.0"
			},
			"engines": {
				"node": ">=4"
			}
		},
		"node_modules/through2": {
			"version": "4.0.2",
			"resolved": "https://registry.npmjs.org/through2/-/through2-4.0.2.tgz",
			"integrity": "sha512-iOqSav00cVxEEICeD7TjLB1sueEL+81Wpzp2bY17uZjZN0pWZPuo4suZ/61VujxmqSGFfgOcNuTZ85QJwNZQpw==",
			"optional": true,
			"dependencies": {
				"readable-stream": "3"
			}
		},
		"node_modules/to-regex-range": {
			"version": "5.0.1",
			"resolved": "https://registry.npmjs.org/to-regex-range/-/to-regex-range-5.0.1.tgz",
			"integrity": "sha512-65P7iz6X5yEr1cwcgvQxbbIw7Uk3gOy5dIdtZ4rDveLqhrdJP+Li/Hx6tyK0NEb+2GCyneCMJiGqrADCSNk8sQ==",
			"dev": true,
			"dependencies": {
				"is-number": "^7.0.0"
			},
			"engines": {
				"node": ">=8.0"
			}
		},
		"node_modules/touch": {
			"version": "3.1.1",
			"resolved": "https://registry.npmjs.org/touch/-/touch-3.1.1.tgz",
			"integrity": "sha512-r0eojU4bI8MnHr8c5bNo7lJDdI2qXlWWJk6a9EAFG7vbhTjElYhBVS3/miuE0uOuoLdb8Mc/rVfsmm6eo5o9GA==",
			"dev": true,
			"bin": {
				"nodetouch": "bin/nodetouch.js"
			}
		},
		"node_modules/undefsafe": {
			"version": "2.0.5",
			"resolved": "https://registry.npmjs.org/undefsafe/-/undefsafe-2.0.5.tgz",
			"integrity": "sha512-WxONCrssBM8TSPRqN5EmsjVrsv4A8X12J4ArBiiayv3DyyG3ZlIg6yysuuSYdZsVz3TKcTg2fd//Ujd4CHV1iA==",
			"dev": true
		},
		"node_modules/undici-types": {
			"version": "5.26.5",
			"resolved": "https://registry.npmjs.org/undici-types/-/undici-types-5.26.5.tgz",
			"integrity": "sha512-JlCMO+ehdEIKqlFxk6IfVoAUVmgz7cU7zD/h9XZ0qzeosSHmUJVOzSQvvYSYWXkFXC+IfLKSIffhv0sVZup6pA==",
			"dev": true
		},
		"node_modules/util": {
			"version": "0.12.5",
			"resolved": "https://registry.npmjs.org/util/-/util-0.12.5.tgz",
			"integrity": "sha512-kZf/K6hEIrWHI6XqOFUiiMa+79wE/D8Q+NCNAWclkyg3b4d2k7s0QGepNjiABc+aR3N1PAyHL7p6UcLY6LmrnA==",
			"optional": true,
			"dependencies": {
				"inherits": "^2.0.3",
				"is-arguments": "^1.0.4",
				"is-generator-function": "^1.0.7",
				"is-typed-array": "^1.1.3",
				"which-typed-array": "^1.1.2"
			}
		},
		"node_modules/util-deprecate": {
			"version": "1.0.2",
			"resolved": "https://registry.npmjs.org/util-deprecate/-/util-deprecate-1.0.2.tgz",
			"integrity": "sha512-EPD5q1uXyFxJpCrLnCc1nHnq3gOa6DZBocAIiI2TaSCA7VCJ1UJDMagCzIkXNsUYfD1daK//LTEQ8xiIbrHtcw==",
			"optional": true
		},
		"node_modules/uws": {
			"name": "uWebSockets.js",
			"version": "20.40.0",
			"resolved": "git+ssh://git@github.com/uNetworking/uWebSockets.js.git#f97da56fe535bb6d318c62ed31e0f44cef104f05",
			"license": "Apache-2.0"
		},
		"node_modules/web-encoding": {
			"version": "1.1.5",
			"resolved": "https://registry.npmjs.org/web-encoding/-/web-encoding-1.1.5.tgz",
			"integrity": "sha512-HYLeVCdJ0+lBYV2FvNZmv3HJ2Nt0QYXqZojk3d9FJOLkwnuhzM9tmamh8d7HPM8QqjKH8DeHkFTx+CFlWpZZDA==",
			"optional": true,
			"dependencies": {
				"util": "^0.12.3"
			},
			"optionalDependencies": {
				"@zxing/text-encoding": "0.9.0"
			}
		},
		"node_modules/which-typed-array": {
			"version": "1.1.15",
			"resolved": "https://registry.npmjs.org/which-typed-array/-/which-typed-array-1.1.15.tgz",
			"integrity": "sha512-oV0jmFtUky6CXfkqehVvBP/LSWJ2sy4vWMioiENyJLePrBO/yKyV9OyJySfAKosh+RYkIl5zJCNZ8/4JncrpdA==",
			"optional": true,
			"dependencies": {
				"available-typed-arrays": "^1.0.7",
				"call-bind": "^1.0.7",
				"for-each": "^0.3.3",
				"gopd": "^1.0.1",
				"has-tostringtag": "^1.0.2"
			},
			"engines": {
				"node": ">= 0.4"
			},
			"funding": {
				"url": "https://github.com/sponsors/ljharb"
			}
		},
		"node_modules/xml": {
			"version": "1.0.1",
			"resolved": "https://registry.npmjs.org/xml/-/xml-1.0.1.tgz",
			"integrity": "sha512-huCv9IH9Tcf95zuYCsQraZtWnJvBtLVE0QHMOs8bWyZAFZNDcYjsPq1nEx8jKA9y+Beo9v+7OBPRisQTjinQMw==",
			"optional": true
		},
		"node_modules/xml2js": {
			"version": "0.5.0",
			"resolved": "https://registry.npmjs.org/xml2js/-/xml2js-0.5.0.tgz",
			"integrity": "sha512-drPFnkQJik/O+uPKpqSgr22mpuFHqKdbS835iAQrUC73L2F5WkboIRd63ai/2Yg6I1jzifPFKH2NTK+cfglkIA==",
			"optional": true,
			"dependencies": {
				"sax": ">=0.6.0",
				"xmlbuilder": "~11.0.0"
			},
			"engines": {
				"node": ">=4.0.0"
			}
		},
		"node_modules/xmlbuilder": {
			"version": "11.0.1",
			"resolved": "https://registry.npmjs.org/xmlbuilder/-/xmlbuilder-11.0.1.tgz",
			"integrity": "sha512-fDlsI/kFEx7gLvbecc0/ohLG50fugQp8ryHzMTuW9vSa1GJ0XYWKnhsUx7oie3G98+r56aTQIUB4kht42R3JvA==",
			"optional": true,
			"engines": {
				"node": ">=4.0"
			}
		},
		"node_modules/y-protocols": {
			"version": "1.0.6",
			"resolved": "https://registry.npmjs.org/y-protocols/-/y-protocols-1.0.6.tgz",
			"integrity": "sha512-vHRF2L6iT3rwj1jub/K5tYcTT/mEYDUppgNPXwp8fmLpui9f7Yeq3OEtTLVF012j39QnV+KEQpNqoN7CWU7Y9Q==",
			"dependencies": {
				"lib0": "^0.2.85"
			},
			"engines": {
				"node": ">=16.0.0",
				"npm": ">=8.0.0"
			},
			"funding": {
				"type": "GitHub Sponsors ❤",
				"url": "https://github.com/sponsors/dmonad"
			},
			"peerDependencies": {
				"yjs": "^13.0.0"
			}
		},
		"node_modules/yallist": {
			"version": "4.0.0",
			"resolved": "https://registry.npmjs.org/yallist/-/yallist-4.0.0.tgz",
			"integrity": "sha512-3wdGidZyq5PB084XLES5TpOSRA3wjXAlIWMhum2kRcv/41Sn2emQ0dycQW4uZXLejwKvg6EsvbdlVL+FYEct7A=="
		},
		"node_modules/yjs": {
			"version": "13.6.18",
			"resolved": "https://registry.npmjs.org/yjs/-/yjs-13.6.18.tgz",
			"integrity": "sha512-GBTjO4QCmv2HFKFkYIJl7U77hIB1o22vSCSQD1Ge8ZxWbIbn8AltI4gyXbtL+g5/GJep67HCMq3Y5AmNwDSyEg==",
			"dependencies": {
				"lib0": "^0.2.86"
			},
			"engines": {
				"node": ">=16.0.0",
				"npm": ">=8.0.0"
			},
			"funding": {
				"type": "GitHub Sponsors ❤",
				"url": "https://github.com/sponsors/dmonad"
			}
		}
	}
}
